
Microsoft Visual Studio Solution File, Format Version 12.00
# Visual Studio Version 17
VisualStudioVersion = 17.5.002.0
MinimumVisualStudioVersion = 10.0.40219.1
Project("{9A19103F-16F7-4668-BE54-9A1E7A4F7556}") = "EventStorage", "src\EventStorage.csproj", "{D898583A-4299-49F0-924E-53C3BAB10EEB}"
EndProject
Project("{9A19103F-16F7-4668-BE54-9A1E7A4F7556}") = "EventStorage.Tests", "tests\EventStorage.Tests.csproj", "{59F7B852-0B7A-4709-9378-06506E9EE976}"
EndProject
Global
	GlobalSection(SolutionConfigurationPlatforms) = preSolution
		Debug|Any CPU = Debug|Any CPU
		Release|Any CPU = Release|Any CPU
	EndGlobalSection
	GlobalSection(ProjectConfigurationPlatforms) = postSolution
		{D898583A-4299-49F0-924E-53C3BAB10EEB}.Debug|Any CPU.ActiveCfg = Debug|Any CPU
		{D898583A-4299-49F0-924E-53C3BAB10EEB}.Debug|Any CPU.Build.0 = Debug|Any CPU
		{D898583A-4299-49F0-924E-53C3BAB10EEB}.Release|Any CPU.ActiveCfg = Release|Any CPU
		{D898583A-4299-49F0-924E-53C3BAB10EEB}.Release|Any CPU.Build.0 = Release|Any CPU
		{59F7B852-0B7A-4709-9378-06506E9EE976}.Debug|Any CPU.ActiveCfg = Debug|Any CPU
		{59F7B852-0B7A-4709-9378-06506E9EE976}.Debug|Any CPU.Build.0 = Debug|Any CPU
		{59F7B852-0B7A-4709-9378-06506E9EE976}.Release|Any CPU.ActiveCfg = Release|Any CPU
		{59F7B852-0B7A-4709-9378-06506E9EE976}.Release|Any CPU.Build.0 = Release|Any CPU
	EndGlobalSection
	GlobalSection(SolutionProperties) = preSolution
		HideSolutionNode = FALSE
	EndGlobalSection
	GlobalSection(ExtensibilityGlobals) = postSolution
		SolutionGuid = {28E38EFB-83C0-4665-92ED-980C964CC350}
	EndGlobalSection
EndGlobal
